
Microsoft Visual Studio Solution File, Format Version 12.00
# Visual Studio Version 17
VisualStudioVersion = 17.5.002.0
MinimumVisualStudioVersion = 10.0.40219.1
Project("{9A19103F-16F7-4668-BE54-9A1E7A4F7556}") = "InterfaceWithDefaultImplementation", "InterfaceWithDefaultImplementation.csproj", "{A899EEEB-CEFE-48C7-8087-A075D24B2B89}"
EndProject
Global
	GlobalSection(SolutionConfigurationPlatforms) = preSolution
		Debug|Any CPU = Debug|Any CPU
		Release|Any CPU = Release|Any CPU
	EndGlobalSection
	GlobalSection(ProjectConfigurationPlatforms) = postSolution
		{A899EEEB-CEFE-48C7-8087-A075D24B2B89}.Debug|Any CPU.ActiveCfg = Debug|Any CPU
		{A899EEEB-CEFE-48C7-8087-A075D24B2B89}.Debug|Any CPU.Build.0 = Debug|Any CPU
		{A899EEEB-CEFE-48C7-8087-A075D24B2B89}.Release|Any CPU.ActiveCfg = Release|Any CPU
		{A899EEEB-CEFE-48C7-8087-A075D24B2B89}.Release|Any CPU.Build.0 = Release|Any CPU
	EndGlobalSection
	GlobalSection(SolutionProperties) = preSolution
		HideSolutionNode = FALSE
	EndGlobalSection
	GlobalSection(ExtensibilityGlobals) = postSolution
		SolutionGuid = {99F39A5A-6F8B-4082-9469-7CF84757814B}
	EndGlobalSection
EndGlobal
