
Microsoft Visual Studio Solution File, Format Version 12.00
# Visual Studio Version 17
VisualStudioVersion = 17.5.002.0
MinimumVisualStudioVersion = 10.0.40219.1
Project("{9A19103F-16F7-4668-BE54-9A1E7A4F7556}") = "Greeting", "Greeting.csproj", "{EAA2BCE1-2E90-4732-9A45-B730FBB2E5FB}"
EndProject
Global
	GlobalSection(SolutionConfigurationPlatforms) = preSolution
		Debug|Any CPU = Debug|Any CPU
		Release|Any CPU = Release|Any CPU
	EndGlobalSection
	GlobalSection(ProjectConfigurationPlatforms) = postSolution
		{EAA2BCE1-2E90-4732-9A45-B730FBB2E5FB}.Debug|Any CPU.ActiveCfg = Debug|Any CPU
		{EAA2BCE1-2E90-4732-9A45-B730FBB2E5FB}.Debug|Any CPU.Build.0 = Debug|Any CPU
		{EAA2BCE1-2E90-4732-9A45-B730FBB2E5FB}.Release|Any CPU.ActiveCfg = Release|Any CPU
		{EAA2BCE1-2E90-4732-9A45-B730FBB2E5FB}.Release|Any CPU.Build.0 = Release|Any CPU
	EndGlobalSection
	GlobalSection(SolutionProperties) = preSolution
		HideSolutionNode = FALSE
	EndGlobalSection
	GlobalSection(ExtensibilityGlobals) = postSolution
		SolutionGuid = {A27516B6-AE24-497F-8DDA-9B635BFA9156}
	EndGlobalSection
EndGlobal
