
Microsoft Visual Studio Solution File, Format Version 12.00
# Visual Studio Version 17
VisualStudioVersion = 17.0.31903.59
MinimumVisualStudioVersion = 10.0.40219.1
Project("{FAE04EC0-301F-11D3-BF4B-00C04F79EFBC}") = "BankApi", "BankApi\BankApi.csproj", "{8F40EAE5-30DA-458D-BE73-CE7FE47FA134}"
EndProject
Project("{FAE04EC0-301F-11D3-BF4B-00C04F79EFBC}") = "BankApi.Test", "BankApi.Test\BankApi.Test.csproj", "{69931405-1F16-4532-8156-23227C5AD885}"
EndProject
Global
	GlobalSection(SolutionConfigurationPlatforms) = preSolution
		Debug|Any CPU = Debug|Any CPU
		Release|Any CPU = Release|Any CPU
	EndGlobalSection
	GlobalSection(SolutionProperties) = preSolution
		HideSolutionNode = FALSE
	EndGlobalSection
	GlobalSection(ProjectConfigurationPlatforms) = postSolution
		{8F40EAE5-30DA-458D-BE73-CE7FE47FA134}.Debug|Any CPU.ActiveCfg = Debug|Any CPU
		{8F40EAE5-30DA-458D-BE73-CE7FE47FA134}.Debug|Any CPU.Build.0 = Debug|Any CPU
		{8F40EAE5-30DA-458D-BE73-CE7FE47FA134}.Release|Any CPU.ActiveCfg = Release|Any CPU
		{8F40EAE5-30DA-458D-BE73-CE7FE47FA134}.Release|Any CPU.Build.0 = Release|Any CPU
		{69931405-1F16-4532-8156-23227C5AD885}.Debug|Any CPU.ActiveCfg = Debug|Any CPU
		{69931405-1F16-4532-8156-23227C5AD885}.Debug|Any CPU.Build.0 = Debug|Any CPU
		{69931405-1F16-4532-8156-23227C5AD885}.Release|Any CPU.ActiveCfg = Release|Any CPU
		{69931405-1F16-4532-8156-23227C5AD885}.Release|Any CPU.Build.0 = Release|Any CPU
	EndGlobalSection
EndGlobal
